
Microsoft Visual Studio Solution File, Format Version 12.00
# Visual Studio Version 17
VisualStudioVersion = 17.0.31903.59
MinimumVisualStudioVersion = 10.0.40219.1
Project("{2150E333-8FDC-42A3-9474-1A3956D46DE8}") = "src", "src", "{B5B1B8BA-3720-4EA2-A3D4-3A419872952C}"
	ProjectSection(SolutionItems) = preProject
		docker-compose.yml = docker-compose.yml
	EndProjectSection
EndProject
Project("{FAE04EC0-301F-11D3-BF4B-00C04F79EFBC}") = "GlobalPay.CarRental.DOM", "src\GlobalPay.CarRental.DOM\GlobalPay.CarRental.DOM.csproj", "{E705CCA4-4688-4097-A9E7-702DE01DA0AB}"
EndProject
Project("{FAE04EC0-301F-11D3-BF4B-00C04F79EFBC}") = "GlobalPay.CarRental.APP", "src\GlobalPay.CarRental.APP\GlobalPay.CarRental.APP.csproj", "{A75777BA-8B35-4A93-BF31-EABB70095FC5}"
EndProject
Project("{FAE04EC0-301F-11D3-BF4B-00C04F79EFBC}") = "GlobalPay.CarRental.INF.DB", "src\GlobalPay.CarRental.INF.DB\GlobalPay.CarRental.INF.DB.csproj", "{91423B66-2695-4083-A91D-EF7F510D9A65}"
EndProject
Project("{FAE04EC0-301F-11D3-BF4B-00C04F79EFBC}") = "GlobalPay.CarRental.INF.REST", "src\GlobalPay.CarRental.INF.REST\GlobalPay.CarRental.INF.REST.csproj", "{ED151F44-8F78-43D9-8446-DE089F202ED1}"
EndProject
Global
	GlobalSection(SolutionConfigurationPlatforms) = preSolution
		Debug|Any CPU = Debug|Any CPU
		Release|Any CPU = Release|Any CPU
	EndGlobalSection
	GlobalSection(ProjectConfigurationPlatforms) = postSolution
		{E705CCA4-4688-4097-A9E7-702DE01DA0AB}.Debug|Any CPU.ActiveCfg = Debug|Any CPU
		{E705CCA4-4688-4097-A9E7-702DE01DA0AB}.Debug|Any CPU.Build.0 = Debug|Any CPU
		{E705CCA4-4688-4097-A9E7-702DE01DA0AB}.Release|Any CPU.ActiveCfg = Release|Any CPU
		{E705CCA4-4688-4097-A9E7-702DE01DA0AB}.Release|Any CPU.Build.0 = Release|Any CPU
		{A75777BA-8B35-4A93-BF31-EABB70095FC5}.Debug|Any CPU.ActiveCfg = Debug|Any CPU
		{A75777BA-8B35-4A93-BF31-EABB70095FC5}.Debug|Any CPU.Build.0 = Debug|Any CPU
		{A75777BA-8B35-4A93-BF31-EABB70095FC5}.Release|Any CPU.ActiveCfg = Release|Any CPU
		{A75777BA-8B35-4A93-BF31-EABB70095FC5}.Release|Any CPU.Build.0 = Release|Any CPU
		{91423B66-2695-4083-A91D-EF7F510D9A65}.Debug|Any CPU.ActiveCfg = Debug|Any CPU
		{91423B66-2695-4083-A91D-EF7F510D9A65}.Debug|Any CPU.Build.0 = Debug|Any CPU
		{91423B66-2695-4083-A91D-EF7F510D9A65}.Release|Any CPU.ActiveCfg = Release|Any CPU
		{91423B66-2695-4083-A91D-EF7F510D9A65}.Release|Any CPU.Build.0 = Release|Any CPU
		{ED151F44-8F78-43D9-8446-DE089F202ED1}.Debug|Any CPU.ActiveCfg = Debug|Any CPU
		{ED151F44-8F78-43D9-8446-DE089F202ED1}.Debug|Any CPU.Build.0 = Debug|Any CPU
		{ED151F44-8F78-43D9-8446-DE089F202ED1}.Release|Any CPU.ActiveCfg = Release|Any CPU
		{ED151F44-8F78-43D9-8446-DE089F202ED1}.Release|Any CPU.Build.0 = Release|Any CPU
	EndGlobalSection
	GlobalSection(SolutionProperties) = preSolution
		HideSolutionNode = FALSE
	EndGlobalSection
	GlobalSection(NestedProjects) = preSolution
		{E705CCA4-4688-4097-A9E7-702DE01DA0AB} = {B5B1B8BA-3720-4EA2-A3D4-3A419872952C}
		{A75777BA-8B35-4A93-BF31-EABB70095FC5} = {B5B1B8BA-3720-4EA2-A3D4-3A419872952C}
		{91423B66-2695-4083-A91D-EF7F510D9A65} = {B5B1B8BA-3720-4EA2-A3D4-3A419872952C}
		{ED151F44-8F78-43D9-8446-DE089F202ED1} = {B5B1B8BA-3720-4EA2-A3D4-3A419872952C}
	EndGlobalSection
EndGlobal
